
Microsoft Visual Studio Solution File, Format Version 12.00
# Visual Studio Version 17
VisualStudioVersion = 17.6.33829.357
MinimumVisualStudioVersion = 10.0.40219.1
Project("{FAE04EC0-301F-11D3-BF4B-00C04F79EFBC}") = "ADV_1", "ADV_1\ADV_1.csproj", "{803F2C14-3CB9-4135-8619-376554EDAC5E}"
EndProject
Project("{FAE04EC0-301F-11D3-BF4B-00C04F79EFBC}") = "Assigment", "Assigment\Assigment.csproj", "{721F5763-A14A-4906-9275-0AED5D9E60EB}"
EndProject
Global
	GlobalSection(SolutionConfigurationPlatforms) = preSolution
		Debug|Any CPU = Debug|Any CPU
		Release|Any CPU = Release|Any CPU
	EndGlobalSection
	GlobalSection(ProjectConfigurationPlatforms) = postSolution
		{803F2C14-3CB9-4135-8619-376554EDAC5E}.Debug|Any CPU.ActiveCfg = Debug|Any CPU
		{803F2C14-3CB9-4135-8619-376554EDAC5E}.Debug|Any CPU.Build.0 = Debug|Any CPU
		{803F2C14-3CB9-4135-8619-376554EDAC5E}.Release|Any CPU.ActiveCfg = Release|Any CPU
		{803F2C14-3CB9-4135-8619-376554EDAC5E}.Release|Any CPU.Build.0 = Release|Any CPU
		{721F5763-A14A-4906-9275-0AED5D9E60EB}.Debug|Any CPU.ActiveCfg = Debug|Any CPU
		{721F5763-A14A-4906-9275-0AED5D9E60EB}.Debug|Any CPU.Build.0 = Debug|Any CPU
		{721F5763-A14A-4906-9275-0AED5D9E60EB}.Release|Any CPU.ActiveCfg = Release|Any CPU
		{721F5763-A14A-4906-9275-0AED5D9E60EB}.Release|Any CPU.Build.0 = Release|Any CPU
	EndGlobalSection
	GlobalSection(SolutionProperties) = preSolution
		HideSolutionNode = FALSE
	EndGlobalSection
	GlobalSection(ExtensibilityGlobals) = postSolution
		SolutionGuid = {264B89EA-564B-4DC8-B5F2-284675F589EE}
	EndGlobalSection
EndGlobal
